// !$*UTF8*$!
{
	archiveVersion = 1;
	classes = {
	};
	objectVersion = 46;
	objects = {

/* Begin PBXBuildFile section */
		046990E11A0A707E0088452C /* AppDelegate.swift in Sources */ = {isa = PBXBuildFile; fileRef = 046990E01A0A707E0088452C /* AppDelegate.swift */; };
		046990E31A0A707E0088452C /* ViewController.swift in Sources */ = {isa = PBXBuildFile; fileRef = 046990E21A0A707E0088452C /* ViewController.swift */; };
		046990E61A0A707E0088452C /* Main.storyboard in Resources */ = {isa = PBXBuildFile; fileRef = 046990E41A0A707E0088452C /* Main.storyboard */; };
		046990E81A0A707E0088452C /* Images.xcassets in Resources */ = {isa = PBXBuildFile; fileRef = 046990E71A0A707E0088452C /* Images.xcassets */; };
		046990EB1A0A707E0088452C /* LaunchScreen.xib in Resources */ = {isa = PBXBuildFile; fileRef = 046990E91A0A707E0088452C /* LaunchScreen.xib */; };
		046990F71A0A707F0088452C /* FingerPaintTests.swift in Sources */ = {isa = PBXBuildFile; fileRef = 046990F61A0A707F0088452C /* FingerPaintTests.swift */; };
		046991021A0A71400088452C /* SpecTests.swift in Sources */ = {isa = PBXBuildFile; fileRef = 046991011A0A71400088452C /* SpecTests.swift */; };
		046991031A0A71F00088452C /* ViewController.swift in Sources */ = {isa = PBXBuildFile; fileRef = 046990E21A0A707E0088452C /* ViewController.swift */; };
		046991041A0A72020088452C /* Main.storyboard in Resources */ = {isa = PBXBuildFile; fileRef = 046990E41A0A707E0088452C /* Main.storyboard */; };
		046991051A0A720B0088452C /* AppDelegate.swift in Sources */ = {isa = PBXBuildFile; fileRef = 046990E01A0A707E0088452C /* AppDelegate.swift */; };
		046991071A0A72A00088452C /* CanvasView.swift in Sources */ = {isa = PBXBuildFile; fileRef = 046991061A0A72A00088452C /* CanvasView.swift */; };
		046991081A0A72A00088452C /* CanvasView.swift in Sources */ = {isa = PBXBuildFile; fileRef = 046991061A0A72A00088452C /* CanvasView.swift */; };
		049643481A0C67570071ACBC /* Path.swift in Sources */ = {isa = PBXBuildFile; fileRef = 049643471A0C67570071ACBC /* Path.swift */; };
		049643491A0C67570071ACBC /* Path.swift in Sources */ = {isa = PBXBuildFile; fileRef = 049643471A0C67570071ACBC /* Path.swift */; };
/* End PBXBuildFile section */

/* Begin PBXContainerItemProxy section */
		046990F11A0A707F0088452C /* PBXContainerItemProxy */ = {
			isa = PBXContainerItemProxy;
			containerPortal = 046990D31A0A707E0088452C /* Project object */;
			proxyType = 1;
			remoteGlobalIDString = 046990DA1A0A707E0088452C;
			remoteInfo = FingerPaint;
		};
/* End PBXContainerItemProxy section */

/* Begin PBXFileReference section */
		046990DB1A0A707E0088452C /* FingerPaint.app */ = {isa = PBXFileReference; explicitFileType = wrapper.application; includeInIndex = 0; path = FingerPaint.app; sourceTree = BUILT_PRODUCTS_DIR; };
		046990DF1A0A707E0088452C /* Info.plist */ = {isa = PBXFileReference; lastKnownFileType = text.plist.xml; path = Info.plist; sourceTree = "<group>"; };
		046990E01A0A707E0088452C /* AppDelegate.swift */ = {isa = PBXFileReference; lastKnownFileType = sourcecode.swift; path = AppDelegate.swift; sourceTree = "<group>"; };
		046990E21A0A707E0088452C /* ViewController.swift */ = {isa = PBXFileReference; lastKnownFileType = sourcecode.swift; path = ViewController.swift; sourceTree = "<group>"; };
		046990E51A0A707E0088452C /* Base */ = {isa = PBXFileReference; lastKnownFileType = file.storyboard; name = Base; path = Base.lproj/Main.storyboard; sourceTree = "<group>"; };
		046990E71A0A707E0088452C /* Images.xcassets */ = {isa = PBXFileReference; lastKnownFileType = folder.assetcatalog; path = Images.xcassets; sourceTree = "<group>"; };
		046990EA1A0A707E0088452C /* Base */ = {isa = PBXFileReference; lastKnownFileType = file.xib; name = Base; path = Base.lproj/LaunchScreen.xib; sourceTree = "<group>"; };
		046990F01A0A707F0088452C /* FingerPaintTests.xctest */ = {isa = PBXFileReference; explicitFileType = wrapper.cfbundle; includeInIndex = 0; path = FingerPaintTests.xctest; sourceTree = BUILT_PRODUCTS_DIR; };
		046990F51A0A707F0088452C /* Info.plist */ = {isa = PBXFileReference; lastKnownFileType = text.plist.xml; path = Info.plist; sourceTree = "<group>"; };
		046990F61A0A707F0088452C /* FingerPaintTests.swift */ = {isa = PBXFileReference; lastKnownFileType = sourcecode.swift; path = FingerPaintTests.swift; sourceTree = "<group>"; };
		046991011A0A71400088452C /* SpecTests.swift */ = {isa = PBXFileReference; fileEncoding = 4; lastKnownFileType = sourcecode.swift; path = SpecTests.swift; sourceTree = "<group>"; };
		046991061A0A72A00088452C /* CanvasView.swift */ = {isa = PBXFileReference; fileEncoding = 4; lastKnownFileType = sourcecode.swift; path = CanvasView.swift; sourceTree = "<group>"; };
		049643471A0C67570071ACBC /* Path.swift */ = {isa = PBXFileReference; fileEncoding = 4; lastKnownFileType = sourcecode.swift; path = Path.swift; sourceTree = "<group>"; };
/* End PBXFileReference section */

/* Begin PBXFrameworksBuildPhase section */
		046990D81A0A707E0088452C /* Frameworks */ = {
			isa = PBXFrameworksBuildPhase;
			buildActionMask = 2147483647;
			files = (
			);
			runOnlyForDeploymentPostprocessing = 0;
		};
		046990ED1A0A707F0088452C /* Frameworks */ = {
			isa = PBXFrameworksBuildPhase;
			buildActionMask = 2147483647;
			files = (
			);
			runOnlyForDeploymentPostprocessing = 0;
		};
/* End PBXFrameworksBuildPhase section */

/* Begin PBXGroup section */
		046990D21A0A707E0088452C = {
			isa = PBXGroup;
			children = (
				046990DD1A0A707E0088452C /* FingerPaint */,
				046990F31A0A707F0088452C /* FingerPaintTests */,
				046990DC1A0A707E0088452C /* Products */,
			);
			sourceTree = "<group>";
		};
		046990DC1A0A707E0088452C /* Products */ = {
			isa = PBXGroup;
			children = (
				046990DB1A0A707E0088452C /* FingerPaint.app */,
				046990F01A0A707F0088452C /* FingerPaintTests.xctest */,
			);
			name = Products;
			sourceTree = "<group>";
		};
		046990DD1A0A707E0088452C /* FingerPaint */ = {
			isa = PBXGroup;
			children = (
				046990E01A0A707E0088452C /* AppDelegate.swift */,
				046990E21A0A707E0088452C /* ViewController.swift */,
				046990E41A0A707E0088452C /* Main.storyboard */,
				046990E71A0A707E0088452C /* Images.xcassets */,
				046990E91A0A707E0088452C /* LaunchScreen.xib */,
				046990DE1A0A707E0088452C /* Supporting Files */,
				046991061A0A72A00088452C /* CanvasView.swift */,
				049643471A0C67570071ACBC /* Path.swift */,
			);
			path = FingerPaint;
			sourceTree = "<group>";
		};
		046990DE1A0A707E0088452C /* Supporting Files */ = {
			isa = PBXGroup;
			children = (
				046990DF1A0A707E0088452C /* Info.plist */,
			);
			name = "Supporting Files";
			sourceTree = "<group>";
		};
		046990F31A0A707F0088452C /* FingerPaintTests */ = {
			isa = PBXGroup;
			children = (
				046991001A0A71400088452C /* spec */,
				046990F61A0A707F0088452C /* FingerPaintTests.swift */,
				046990F41A0A707F0088452C /* Supporting Files */,
			);
			path = FingerPaintTests;
			sourceTree = "<group>";
		};
		046990F41A0A707F0088452C /* Supporting Files */ = {
			isa = PBXGroup;
			children = (
				046990F51A0A707F0088452C /* Info.plist */,
			);
			name = "Supporting Files";
			sourceTree = "<group>";
		};
		046991001A0A71400088452C /* spec */ = {
			isa = PBXGroup;
			children = (
				046991011A0A71400088452C /* SpecTests.swift */,
			);
			path = spec;
			sourceTree = "<group>";
		};
/* End PBXGroup section */

/* Begin PBXNativeTarget section */
		046990DA1A0A707E0088452C /* FingerPaint */ = {
			isa = PBXNativeTarget;
			buildConfigurationList = 046990FA1A0A707F0088452C /* Build configuration list for PBXNativeTarget "FingerPaint" */;
			buildPhases = (
				046990D71A0A707E0088452C /* Sources */,
				046990D81A0A707E0088452C /* Frameworks */,
				046990D91A0A707E0088452C /* Resources */,
			);
			buildRules = (
			);
			dependencies = (
			);
			name = FingerPaint;
			productName = FingerPaint;
			productReference = 046990DB1A0A707E0088452C /* FingerPaint.app */;
			productType = "com.apple.product-type.application";
		};
		046990EF1A0A707F0088452C /* FingerPaintTests */ = {
			isa = PBXNativeTarget;
			buildConfigurationList = 046990FD1A0A707F0088452C /* Build configuration list for PBXNativeTarget "FingerPaintTests" */;
			buildPhases = (
				046990EC1A0A707F0088452C /* Sources */,
				046990ED1A0A707F0088452C /* Frameworks */,
				046990EE1A0A707F0088452C /* Resources */,
			);
			buildRules = (
			);
			dependencies = (
				046990F21A0A707F0088452C /* PBXTargetDependency */,
			);
			name = FingerPaintTests;
			productName = FingerPaintTests;
			productReference = 046990F01A0A707F0088452C /* FingerPaintTests.xctest */;
			productType = "com.apple.product-type.bundle.unit-test";
		};
/* End PBXNativeTarget section */

/* Begin PBXProject section */
		046990D31A0A707E0088452C /* Project object */ = {
			isa = PBXProject;
			attributes = {
				LastUpgradeCheck = 0610;
				ORGANIZATIONNAME = ycswaves;
				TargetAttributes = {
					046990DA1A0A707E0088452C = {
						CreatedOnToolsVersion = 6.1;
					};
					046990EF1A0A707F0088452C = {
						CreatedOnToolsVersion = 6.1;
						TestTargetID = 046990DA1A0A707E0088452C;
					};
				};
			};
			buildConfigurationList = 046990D61A0A707E0088452C /* Build configuration list for PBXProject "FingerPaint" */;
			compatibilityVersion = "Xcode 3.2";
			developmentRegion = English;
			hasScannedForEncodings = 0;
			knownRegions = (
				en,
				Base,
			);
			mainGroup = 046990D21A0A707E0088452C;
			productRefGroup = 046990DC1A0A707E0088452C /* Products */;
			projectDirPath = "";
			projectRoot = "";
			targets = (
				046990DA1A0A707E0088452C /* FingerPaint */,
				046990EF1A0A707F0088452C /* FingerPaintTests */,
			);
		};
/* End PBXProject section */

/* Begin PBXResourcesBuildPhase section */
		046990D91A0A707E0088452C /* Resources */ = {
			isa = PBXResourcesBuildPhase;
			buildActionMask = 2147483647;
			files = (
				046990E61A0A707E0088452C /* Main.storyboard in Resources */,
				046990EB1A0A707E0088452C /* LaunchScreen.xib in Resources */,
				046990E81A0A707E0088452C /* Images.xcassets in Resources */,
			);
			runOnlyForDeploymentPostprocessing = 0;
		};
		046990EE1A0A707F0088452C /* Resources */ = {
			isa = PBXResourcesBuildPhase;
			buildActionMask = 2147483647;
			files = (
				046991041A0A72020088452C /* Main.storyboard in Resources */,
			);
			runOnlyForDeploymentPostprocessing = 0;
		};
/* End PBXResourcesBuildPhase section */

/* Begin PBXSourcesBuildPhase section */
		046990D71A0A707E0088452C /* Sources */ = {
			isa = PBXSourcesBuildPhase;
			buildActionMask = 2147483647;
			files = (
				046990E31A0A707E0088452C /* ViewController.swift in Sources */,
				046990E11A0A707E0088452C /* AppDelegate.swift in Sources */,
				049643481A0C67570071ACBC /* Path.swift in Sources */,
				046991071A0A72A00088452C /* CanvasView.swift in Sources */,
			);
			runOnlyForDeploymentPostprocessing = 0;
		};
		046990EC1A0A707F0088452C /* Sources */ = {
			isa = PBXSourcesBuildPhase;
			buildActionMask = 2147483647;
			files = (
				046991051A0A720B0088452C /* AppDelegate.swift in Sources */,
				046991031A0A71F00088452C /* ViewController.swift in Sources */,
				046991081A0A72A00088452C /* CanvasView.swift in Sources */,
				046991021A0A71400088452C /* SpecTests.swift in Sources */,
				049643491A0C67570071ACBC /* Path.swift in Sources */,
				046990F71A0A707F0088452C /* FingerPaintTests.swift in Sources */,
			);
			runOnlyForDeploymentPostprocessing = 0;
		};
/* End PBXSourcesBuildPhase section */

/* Begin PBXTargetDependency section */
		046990F21A0A707F0088452C /* PBXTargetDependency */ = {
			isa = PBXTargetDependency;
			target = 046990DA1A0A707E0088452C /* FingerPaint */;
			targetProxy = 046990F11A0A707F0088452C /* PBXContainerItemProxy */;
		};
/* End PBXTargetDependency section */

/* Begin PBXVariantGroup section */
		046990E41A0A707E0088452C /* Main.storyboard */ = {
			isa = PBXVariantGroup;
			children = (
				046990E51A0A707E0088452C /* Base */,
			);
			name = Main.storyboard;
			sourceTree = "<group>";
		};
		046990E91A0A707E0088452C /* LaunchScreen.xib */ = {
			isa = PBXVariantGroup;
			children = (
				046990EA1A0A707E0088452C /* Base */,
			);
			name = LaunchScreen.xib;
			sourceTree = "<group>";
		};
/* End PBXVariantGroup section */

/* Begin XCBuildConfiguration section */
		046990F81A0A707F0088452C /* Debug */ = {
			isa = XCBuildConfiguration;
			buildSettings = {
				ALWAYS_SEARCH_USER_PATHS = NO;
				CLANG_CXX_LANGUAGE_STANDARD = "gnu++0x";
				CLANG_CXX_LIBRARY = "libc++";
				CLANG_ENABLE_MODULES = YES;
				CLANG_ENABLE_OBJC_ARC = YES;
				CLANG_WARN_BOOL_CONVERSION = YES;
				CLANG_WARN_CONSTANT_CONVERSION = YES;
				CLANG_WARN_DIRECT_OBJC_ISA_USAGE = YES_ERROR;
				CLANG_WARN_EMPTY_BODY = YES;
				CLANG_WARN_ENUM_CONVERSION = YES;
				CLANG_WARN_INT_CONVERSION = YES;
				CLANG_WARN_OBJC_ROOT_CLASS = YES_ERROR;
				CLANG_WARN_UNREACHABLE_CODE = YES;
				CLANG_WARN__DUPLICATE_METHOD_MATCH = YES;
				"CODE_SIGN_IDENTITY[sdk=iphoneos*]" = "iPhone Developer";
				COPY_PHASE_STRIP = NO;
				ENABLE_STRICT_OBJC_MSGSEND = YES;
				GCC_C_LANGUAGE_STANDARD = gnu99;
				GCC_DYNAMIC_NO_PIC = NO;
				GCC_OPTIMIZATION_LEVEL = 0;
				GCC_PREPROCESSOR_DEFINITIONS = (
					"DEBUG=1",
					"$(inherited)",
				);
				GCC_SYMBOLS_PRIVATE_EXTERN = NO;
				GCC_WARN_64_TO_32_BIT_CONVERSION = YES;
				GCC_WARN_ABOUT_RETURN_TYPE = YES_ERROR;
				GCC_WARN_UNDECLARED_SELECTOR = YES;
				GCC_WARN_UNINITIALIZED_AUTOS = YES_AGGRESSIVE;
				GCC_WARN_UNUSED_FUNCTION = YES;
				GCC_WARN_UNUSED_VARIABLE = YES;
				IPHONEOS_DEPLOYMENT_TARGET = 8.1;
				MTL_ENABLE_DEBUG_INFO = YES;
				ONLY_ACTIVE_ARCH = YES;
				SDKROOT = iphoneos;
				SWIFT_OPTIMIZATION_LEVEL = "-Onone";
			};
			name = Debug;
		};
		046990F91A0A707F0088452C /* Release */ = {
			isa = XCBuildConfiguration;
			buildSettings = {
				ALWAYS_SEARCH_USER_PATHS = NO;
				CLANG_CXX_LANGUAGE_STANDARD = "gnu++0x";
				CLANG_CXX_LIBRARY = "libc++";
				CLANG_ENABLE_MODULES = YES;
				CLANG_ENABLE_OBJC_ARC = YES;
				CLANG_WARN_BOOL_CONVERSION = YES;
				CLANG_WARN_CONSTANT_CONVERSION = YES;
				CLANG_WARN_DIRECT_OBJC_ISA_USAGE = YES_ERROR;
				CLANG_WARN_EMPTY_BODY = YES;
				CLANG_WARN_ENUM_CONVERSION = YES;
				CLANG_WARN_INT_CONVERSION = YES;
				CLANG_WARN_OBJC_ROOT_CLASS = YES_ERROR;
				CLANG_WARN_UNREACHABLE_CODE = YES;
				CLANG_WARN__DUPLICATE_METHOD_MATCH = YES;
				"CODE_SIGN_IDENTITY[sdk=iphoneos*]" = "iPhone Developer";
				COPY_PHASE_STRIP = YES;
				ENABLE_NS_ASSERTIONS = NO;
				ENABLE_STRICT_OBJC_MSGSEND = YES;
				GCC_C_LANGUAGE_STANDARD = gnu99;
				GCC_WARN_64_TO_32_BIT_CONVERSION = YES;
				GCC_WARN_ABOUT_RETURN_TYPE = YES_ERROR;
				GCC_WARN_UNDECLARED_SELECTOR = YES;
				GCC_WARN_UNINITIALIZED_AUTOS = YES_AGGRESSIVE;
				GCC_WARN_UNUSED_FUNCTION = YES;
				GCC_WARN_UNUSED_VARIABLE = YES;
				IPHONEOS_DEPLOYMENT_TARGET = 8.1;
				MTL_ENABLE_DEBUG_INFO = NO;
				SDKROOT = iphoneos;
				VALIDATE_PRODUCT = YES;
			};
			name = Release;
		};
		046990FB1A0A707F0088452C /* Debug */ = {
			isa = XCBuildConfiguration;
			buildSettings = {
				ASSETCATALOG_COMPILER_APPICON_NAME = AppIcon;
				INFOPLIST_FILE = FingerPaint/Info.plist;
				LD_RUNPATH_SEARCH_PATHS = "$(inherited) @executable_path/Frameworks";
				PRODUCT_NAME = "$(TARGET_NAME)";
			};
			name = Debug;
		};
		046990FC1A0A707F0088452C /* Release */ = {
			isa = XCBuildConfiguration;
			buildSettings = {
				ASSETCATALOG_COMPILER_APPICON_NAME = AppIcon;
				INFOPLIST_FILE = FingerPaint/Info.plist;
				LD_RUNPATH_SEARCH_PATHS = "$(inherited) @executable_path/Frameworks";
				PRODUCT_NAME = "$(TARGET_NAME)";
			};
			name = Release;
		};
		046990FE1A0A707F0088452C /* Debug */ = {
			isa = XCBuildConfiguration;
			buildSettings = {
				BUNDLE_LOADER = "$(TEST_HOST)";
				FRAMEWORK_SEARCH_PATHS = (
					"$(SDKROOT)/Developer/Library/Frameworks",
					"$(inherited)",
				);
				GCC_PREPROCESSOR_DEFINITIONS = (
					"DEBUG=1",
					"$(inherited)",
				);
				INFOPLIST_FILE = FingerPaintTests/Info.plist;
				LD_RUNPATH_SEARCH_PATHS = "$(inherited) @executable_path/Frameworks @loader_path/Frameworks";
				PRODUCT_NAME = "$(TARGET_NAME)";
				TEST_HOST = "$(BUILT_PRODUCTS_DIR)/FingerPaint.app/FingerPaint";
			};
			name = Debug;
		};
		046990FF1A0A707F0088452C /* Release */ = {
			isa = XCBuildConfiguration;
			buildSettings = {
				BUNDLE_LOADER = "$(TEST_HOST)";
				FRAMEWORK_SEARCH_PATHS = (
					"$(SDKROOT)/Developer/Library/Frameworks",
					"$(inherited)",
				);
				INFOPLIST_FILE = FingerPaintTests/Info.plist;
				LD_RUNPATH_SEARCH_PATHS = "$(inherited) @executable_path/Frameworks @loader_path/Frameworks";
				PRODUCT_NAME = "$(TARGET_NAME)";
				TEST_HOST = "$(BUILT_PRODUCTS_DIR)/FingerPaint.app/FingerPaint";
			};
			name = Release;
		};
/* End XCBuildConfiguration section */

/* Begin XCConfigurationList section */
		046990D61A0A707E0088452C /* Build configuration list for PBXProject "FingerPaint" */ = {
			isa = XCConfigurationList;
			buildConfigurations = (
				046990F81A0A707F0088452C /* Debug */,
				046990F91A0A707F0088452C /* Release */,
			);
			defaultConfigurationIsVisible = 0;
			defaultConfigurationName = Release;
		};
		046990FA1A0A707F0088452C /* Build configuration list for PBXNativeTarget "FingerPaint" */ = {
			isa = XCConfigurationList;
			buildConfigurations = (
				046990FB1A0A707F0088452C /* Debug */,
				046990FC1A0A707F0088452C /* Release */,
			);
			defaultConfigurationIsVisible = 0;
			defaultConfigurationName = Release;
		};
		046990FD1A0A707F0088452C /* Build configuration list for PBXNativeTarget "FingerPaintTests" */ = {
			isa = XCConfigurationList;
			buildConfigurations = (
				046990FE1A0A707F0088452C /* Debug */,
				046990FF1A0A707F0088452C /* Release */,
			);
			defaultConfigurationIsVisible = 0;
			defaultConfigurationName = Release;
		};
/* End XCConfigurationList section */
	};
	rootObject = 046990D31A0A707E0088452C /* Project object */;
}
